# THIS IS AN AUTOGENERATED FILE. DO NOT EDIT THIS FILE DIRECTLY.
# yarn lockfile v1


"@types/esrever@^0.2.0":
  version "0.2.0"
  resolved "https://registry.yarnpkg.com/@types/esrever/-/esrever-0.2.0.tgz#96404a2284b2c7527f08a1e957f8a31705f9880f"
  integrity sha512-5NI6TeGzVEy/iBcuYtcPzzIC6EqlfQ2+UZ54vT0ulq8bPNGAy8UJD+XcsAyEOcnYFUjOVWuUV+k4/rVkxt9/XQ==

"@types/is-hotkey@^0.1.1":
  version "0.1.1"
  resolved "https://registry.yarnpkg.com/@types/is-hotkey/-/is-hotkey-0.1.1.tgz#802e294c2a02f26fbcbe8639c77ef05e38cfdc8c"
  integrity sha512-QzVKww91fJv/KzARJBS/Im5GS2A8iE64E1HxOed72EmYOvPLG4PBw77QCIUjFl7VwWB3G/SVrxsHedJD/wtn1A==

"@types/lodash@^4.14.149":
  version "4.14.150"
  resolved "https://registry.yarnpkg.com/@types/lodash/-/lodash-4.14.150.tgz#649fe44684c3f1fcb6164d943c5a61977e8cf0bd"
  integrity sha512-kMNLM5JBcasgYscD9x/Gvr6lTAv2NVgsKtet/hm93qMyf/D1pt+7jeEZklKJKxMVmXjxbRVQQGfqDSfipYCO6w==

classnames@2.2.6:
  version "2.2.6"
  resolved "https://registry.yarnpkg.com/classnames/-/classnames-2.2.6.tgz#43935bffdd291f326dad0a205309b38d00f650ce"
  integrity sha512-JR/iSQOSt+LQIWwrwEzJ9uk0xfN3mTVYMwt1Ir5mUcSN6pU+V4zQFFaJsclJbPuAUQH+yfWef6tm7l1quW3C8Q==

compute-scroll-into-view@^1.0.13:
  version "1.0.13"
  resolved "https://registry.yarnpkg.com/compute-scroll-into-view/-/compute-scroll-into-view-1.0.13.tgz#be1b1663b0e3f56cd5f7713082549f562a3477e2"
  integrity sha512-o+w9w7A98aAFi/GjK8cxSV+CdASuPa2rR5UWs3+yHkJzWqaKoBEufFNWYaXInCSmUfDCVhesG+v9MTWqOjsxFg==

direction@^1.0.3:
  version "1.0.4"
  resolved "https://registry.yarnpkg.com/direction/-/direction-1.0.4.tgz#2b86fb686967e987088caf8b89059370d4837442"
  integrity sha512-GYqKi1aH7PJXxdhTeZBFrg8vUBeKXi+cNprXsC1kpJcbcVnV9wBsrOu1cQEdG0WeQwlfHiy3XvnKfIrJ2R0NzQ==

esrever@^0.2.0:
  version "0.2.0"
  resolved "https://registry.yarnpkg.com/esrever/-/esrever-0.2.0.tgz#96e9d28f4f1b1a76784cd5d490eaae010e7407b8"
  integrity sha1-lunSj08bGnZ4TNXUkOquAQ50B7g=

immer@^5.0.0:
  version "5.3.6"
  resolved "https://registry.yarnpkg.com/immer/-/immer-5.3.6.tgz#51eab8cbbeb13075fe2244250f221598818cac04"
  integrity sha512-pqWQ6ozVfNOUDjrLfm4Pt7q4Q12cGw2HUZgry4Q5+Myxu9nmHRkWBpI0J4+MK0AxbdFtdMTwEGVl7Vd+vEiK+A==

is-hotkey@^0.1.6:
  version "0.1.6"
  resolved "https://registry.yarnpkg.com/is-hotkey/-/is-hotkey-0.1.6.tgz#c214b1ccdcbda46fba4ba93d2de64915db737471"
  integrity sha512-1+hMr0GLPM0M49UDRt9RgE8i+SM29UY4AGRP6sGz6fThOVXqSrEvTMakolhHMcVizJnPNAoMpEmE+Oi1k2NrZQ==

is-plain-object@^3.0.0:
  version "3.0.0"
  resolved "https://registry.yarnpkg.com/is-plain-object/-/is-plain-object-3.0.0.tgz#47bfc5da1b5d50d64110806c199359482e75a928"
  integrity sha512-tZIpofR+P05k8Aocp7UI/2UTa9lTJSebCXpFFoR9aibpokDj/uXBsJ8luUu0tTVYKkMU6URDUuOfJZ7koewXvg==
  dependencies:
    isobject "^4.0.0"

is-url@1.2.4:
  version "1.2.4"
  resolved "https://registry.yarnpkg.com/is-url/-/is-url-1.2.4.tgz#04a4df46d28c4cff3d73d01ff06abeb318a1aa52"
  integrity sha512-ITvGim8FhRiYe4IQ5uHSkj7pVaPDrCTkNd3yq3cV7iZAcJdHTUMPMEHcqSOy9xZ9qFenQCvi+2wjH9a1nXqHww==

isobject@^4.0.0:
  version "4.0.0"
  resolved "https://registry.yarnpkg.com/isobject/-/isobject-4.0.0.tgz#3f1c9155e73b192022a80819bacd0343711697b0"
  integrity sha512-S/2fF5wH8SJA/kmwr6HYhK/RI/OkhD84k8ntalo0iJjZikgq1XFvR5M8NPT1x5F7fBwCG3qHfnzeP/Vh/ZxCUA==

"js-tokens@^3.0.0 || ^4.0.0":
  version "4.0.0"
  resolved "https://registry.yarnpkg.com/js-tokens/-/js-tokens-4.0.0.tgz#19203fb59991df98e3a287050d4647cdeaf32499"
  integrity sha512-RdJUflcE3cUzKiMqQgsCu06FPu9UdIJO0beYbPhHN4k6apgJtifcoCtT9bcxOpYBtpD2kCM6Sbzg4CausW/PKQ==

lodash@^4.17.4:
  version "4.17.15"
  resolved "https://registry.yarnpkg.com/lodash/-/lodash-4.17.15.tgz#b447f6670a0455bbfeedd11392eff330ea097548"
  integrity sha512-8xOcRHvCjnocdS5cpwXQXVzmmh5e5+saE2QGoeQmbKmRS6J3VQppPOIt0MnmE+4xlZoumy0GPG0D0MVIQbNA1A==

loose-envify@^1.4.0:
  version "1.4.0"
  resolved "https://registry.yarnpkg.com/loose-envify/-/loose-envify-1.4.0.tgz#71ee51fa7be4caec1a63839f7e682d8132d30caf"
  integrity sha512-lyuxPGr/Wfhrlem2CL/UcnUc1zcqKAImBDzukY7Y5F/yQiNdko6+fRLevlw1HgMySw7f611UIY408EtxRSoK3Q==
  dependencies:
    js-tokens "^3.0.0 || ^4.0.0"

object-assign@^4.1.1:
  version "4.1.1"
  resolved "https://registry.yarnpkg.com/object-assign/-/object-assign-4.1.1.tgz#2109adc7965887cfc05cbbd442cac8bfbb360863"
  integrity sha1-IQmtx5ZYh8/AXLvUQsrIv7s2CGM=

prop-types@^15.5.8:
  version "15.7.2"
  resolved "https://registry.yarnpkg.com/prop-types/-/prop-types-15.7.2.tgz#52c41e75b8c87e72b9d9360e0206b99dcbffa6c5"
  integrity sha512-8QQikdH7//R2vurIJSutZ1smHYTcLpRWEOlHnzcWHmBYrOGUysKwSsrC89BCiFj3CbrfJ/nXFdJepOVrY1GCHQ==
  dependencies:
    loose-envify "^1.4.0"
    object-assign "^4.1.1"
    react-is "^16.8.1"

react-is@^16.8.1:
  version "16.13.1"
  resolved "https://registry.yarnpkg.com/react-is/-/react-is-16.13.1.tgz#789729a4dc36de2999dc156dd6c1d9c18cea56a4"
  integrity sha512-24e6ynE2H+OKt4kqsOvNd8kBpV65zoxbA4BVsEOB3ARVWQki/DHzaUoC5KuON/BiccDaCCTZBuOcfZs70kR8bQ==

react-portal@4.2.1:
  version "4.2.1"
  resolved "https://registry.yarnpkg.com/react-portal/-/react-portal-4.2.1.tgz#12c1599238c06fb08a9800f3070bea2a3f78b1a6"
  integrity sha512-fE9kOBagwmTXZ3YGRYb4gcMy+kSA+yLO0xnPankjRlfBv4uCpFXqKPfkpsGQQR15wkZ9EssnvTOl1yMzbkxhPQ==
  dependencies:
    prop-types "^15.5.8"

scroll-into-view-if-needed@^2.2.20:
  version "2.2.24"
  resolved "https://registry.yarnpkg.com/scroll-into-view-if-needed/-/scroll-into-view-if-needed-2.2.24.tgz#12bca532990769bd509115a49edcfa755e92a0ea"
  integrity sha512-vsC6SzyIZUyJG8o4nbUDCiIwsPdH6W/FVmjT2avR2hp/yzS53JjGmg/bKD20TkoNajbu5dAQN4xR7yes4qhwtQ==
  dependencies:
    compute-scroll-into-view "^1.0.13"

slate-history@^0.58.0:
  version "0.58.0"
  resolved "https://registry.yarnpkg.com/slate-history/-/slate-history-0.58.0.tgz#ef3be13f08c7a2b021ccfeeb51f3135f53896f1b"
  integrity sha512-XHeGXezN/3O6nZDXSBiBPD1bKQomGIJ5+c7pGPDr28ixtVDshyeguoTvabXB3CZdgvQBcedN8gdOwOf45olNTA==
  dependencies:
    immer "^5.0.0"
    is-plain-object "^3.0.0"

slate-hyperscript@^0.58.0:
  version "0.58.0"
  resolved "https://registry.yarnpkg.com/slate-hyperscript/-/slate-hyperscript-0.58.0.tgz#240ac4eef45a768db28eb539dbc04086395967cc"
  integrity sha512-Tkfi2+mC0l8/KCdMe7AQknqs8oLJ7RPbtpbom6Qut1rqxHkzYNqphDfpyf+0X+BhN6BRkd4QKRkEOaNqY5lGiA==
  dependencies:
    is-plain-object "^3.0.0"

slate-plain-serializer@0.7.13:
  version "0.7.13"
  resolved "https://registry.yarnpkg.com/slate-plain-serializer/-/slate-plain-serializer-0.7.13.tgz#6de8f5c645dd749f1b2e4426c20de74bfd213adf"
  integrity sha512-TtrlaslxQBEMV0LYdf3s7VAbTxRPe1xaW10WNNGAzGA855/0RhkaHjKkQiRjHv5rvbRleVf7Nxr9fH+4uErfxQ==

slate-react@^0.58.0:
  version "0.58.0"
  resolved "https://registry.yarnpkg.com/slate-react/-/slate-react-0.58.0.tgz#1f10b83db27dfc71481a66e2ff8fd37c598f38cd"
  integrity sha512-Zjv8YxQLSpHacduV06L7AuWToAdWEsrMJmCT3o6GipaqkyvoN9lz92+mqobLYP6w+Nzc9RcDxNrOSW+yQP6xWw==
  dependencies:
    "@types/is-hotkey" "^0.1.1"
    "@types/lodash" "^4.14.149"
    direction "^1.0.3"
    is-hotkey "^0.1.6"
    is-plain-object "^3.0.0"
    lodash "^4.17.4"
    scroll-into-view-if-needed "^2.2.20"

slate@^0.58.0:
  version "0.58.0"
  resolved "https://registry.yarnpkg.com/slate/-/slate-0.58.0.tgz#93b4bc0b608e2324f42b7aeeaf9d3ee266ff6d1d"
  integrity sha512-523E4HTytj173x/rnF4W4aozYAZuk7EYxKZ5eLKSQDMXl68kOg50oUwX3iL6GbNwHrvCWBpwVZFyYbSeGPIKcw==
  dependencies:
    "@types/esrever" "^0.2.0"
    esrever "^0.2.0"
    immer "^5.0.0"
    is-plain-object "^3.0.0"
    tiny-warning "^1.0.3"

tiny-warning@^1.0.3:
  version "1.0.3"
  resolved "https://registry.yarnpkg.com/tiny-warning/-/tiny-warning-1.0.3.tgz#94a30db453df4c643d0fd566060d60a875d84754"
  integrity sha512-lBN9zLN/oAf68o3zNXYrdCt1kP8WsiGW8Oo2ka41b2IM5JL/S1CTyX1rW0mb/zSuJun0ZUrDxx4sqvYS2FWzPA==
